// !$*UTF8*$!
{
	archiveVersion = 1;
	classes = {
	};
	objectVersion = 56;
	objects = {

/* Begin PBXBuildFile section */
		36967AD060F3AE2EDD83E086 /* Pods_GZYPuzzleGame.framework in Frameworks */ = {isa = PBXBuildFile; fileRef = 9954A4609B4BF616E6872306 /* Pods_GZYPuzzleGame.framework */; };
		8E5F934F2CC3760C00BBB10F /* AppDelegate.swift in Sources */ = {isa = PBXBuildFile; fileRef = 8E5F934E2CC3760C00BBB10F /* AppDelegate.swift */; };
		8E5F93512CC3760C00BBB10F /* SceneDelegate.swift in Sources */ = {isa = PBXBuildFile; fileRef = 8E5F93502CC3760C00BBB10F /* SceneDelegate.swift */; };
		8E5F93532CC3760C00BBB10F /* MainViewController.swift in Sources */ = {isa = PBXBuildFile; fileRef = 8E5F93522CC3760C00BBB10F /* MainViewController.swift */; };
		8E5F93562CC3760C00BBB10F /* Base in Resources */ = {isa = PBXBuildFile; fileRef = 8E5F93552CC3760C00BBB10F /* Base */; };
		8E5F93582CC3760E00BBB10F /* Assets.xcassets in Resources */ = {isa = PBXBuildFile; fileRef = 8E5F93572CC3760E00BBB10F /* Assets.xcassets */; };
		8E5F935B2CC3760E00BBB10F /* Base in Resources */ = {isa = PBXBuildFile; fileRef = 8E5F935A2CC3760E00BBB10F /* Base */; };
		8E5F93632CC3C80100BBB10F /* MainHeaderView.swift in Sources */ = {isa = PBXBuildFile; fileRef = 8E5F93622CC3C80100BBB10F /* MainHeaderView.swift */; };
		8E5F93682CC3F9F500BBB10F /* MainBottomView.swift in Sources */ = {isa = PBXBuildFile; fileRef = 8E5F93672CC3F9F500BBB10F /* MainBottomView.swift */; };
		8E5F936A2CC3FEDB00BBB10F /* Constant.swift in Sources */ = {isa = PBXBuildFile; fileRef = 8E5F93692CC3FEDB00BBB10F /* Constant.swift */; };
		8EC9BD252CC5481B00188ED0 /* DifficultyView.swift in Sources */ = {isa = PBXBuildFile; fileRef = 8EC9BD242CC5481B00188ED0 /* DifficultyView.swift */; };
		8ED074B52CC4FB10009015EC /* UIColorExtension.swift in Sources */ = {isa = PBXBuildFile; fileRef = 8ED074B42CC4FB10009015EC /* UIColorExtension.swift */; };
/* End PBXBuildFile section */

/* Begin PBXFileReference section */
		1DCC31E00B637BF435279E90 /* Pods-GZYPuzzleGame.debug.xcconfig */ = {isa = PBXFileReference; includeInIndex = 1; lastKnownFileType = text.xcconfig; name = "Pods-GZYPuzzleGame.debug.xcconfig"; path = "Target Support Files/Pods-GZYPuzzleGame/Pods-GZYPuzzleGame.debug.xcconfig"; sourceTree = "<group>"; };
		8E5F934B2CC3760C00BBB10F /* GZYPuzzleGame.app */ = {isa = PBXFileReference; explicitFileType = wrapper.application; includeInIndex = 0; path = GZYPuzzleGame.app; sourceTree = BUILT_PRODUCTS_DIR; };
		8E5F934E2CC3760C00BBB10F /* AppDelegate.swift */ = {isa = PBXFileReference; lastKnownFileType = sourcecode.swift; path = AppDelegate.swift; sourceTree = "<group>"; };
		8E5F93502CC3760C00BBB10F /* SceneDelegate.swift */ = {isa = PBXFileReference; lastKnownFileType = sourcecode.swift; path = SceneDelegate.swift; sourceTree = "<group>"; };
		8E5F93522CC3760C00BBB10F /* MainViewController.swift */ = {isa = PBXFileReference; lastKnownFileType = sourcecode.swift; path = MainViewController.swift; sourceTree = "<group>"; };
		8E5F93552CC3760C00BBB10F /* Base */ = {isa = PBXFileReference; lastKnownFileType = file.storyboard; name = Base; path = Base.lproj/Main.storyboard; sourceTree = "<group>"; };
		8E5F93572CC3760E00BBB10F /* Assets.xcassets */ = {isa = PBXFileReference; lastKnownFileType = folder.assetcatalog; path = Assets.xcassets; sourceTree = "<group>"; };
		8E5F935A2CC3760E00BBB10F /* Base */ = {isa = PBXFileReference; lastKnownFileType = file.storyboard; name = Base; path = Base.lproj/LaunchScreen.storyboard; sourceTree = "<group>"; };
		8E5F935C2CC3760E00BBB10F /* Info.plist */ = {isa = PBXFileReference; lastKnownFileType = text.plist.xml; path = Info.plist; sourceTree = "<group>"; };
		8E5F93622CC3C80100BBB10F /* MainHeaderView.swift */ = {isa = PBXFileReference; lastKnownFileType = sourcecode.swift; path = MainHeaderView.swift; sourceTree = "<group>"; };
		8E5F93672CC3F9F500BBB10F /* MainBottomView.swift */ = {isa = PBXFileReference; lastKnownFileType = sourcecode.swift; path = MainBottomView.swift; sourceTree = "<group>"; };
		8E5F93692CC3FEDB00BBB10F /* Constant.swift */ = {isa = PBXFileReference; lastKnownFileType = sourcecode.swift; path = Constant.swift; sourceTree = "<group>"; };
		8EC9BD242CC5481B00188ED0 /* DifficultyView.swift */ = {isa = PBXFileReference; lastKnownFileType = sourcecode.swift; path = DifficultyView.swift; sourceTree = "<group>"; };
		8ED074B42CC4FB10009015EC /* UIColorExtension.swift */ = {isa = PBXFileReference; lastKnownFileType = sourcecode.swift; path = UIColorExtension.swift; sourceTree = "<group>"; };
		9954A4609B4BF616E6872306 /* Pods_GZYPuzzleGame.framework */ = {isa = PBXFileReference; explicitFileType = wrapper.framework; includeInIndex = 0; path = Pods_GZYPuzzleGame.framework; sourceTree = BUILT_PRODUCTS_DIR; };
		F1A052C434996EFB4938C45F /* Pods-GZYPuzzleGame.release.xcconfig */ = {isa = PBXFileReference; includeInIndex = 1; lastKnownFileType = text.xcconfig; name = "Pods-GZYPuzzleGame.release.xcconfig"; path = "Target Support Files/Pods-GZYPuzzleGame/Pods-GZYPuzzleGame.release.xcconfig"; sourceTree = "<group>"; };
/* End PBXFileReference section */

/* Begin PBXFrameworksBuildPhase section */
		8E5F93482CC3760C00BBB10F /* Frameworks */ = {
			isa = PBXFrameworksBuildPhase;
			buildActionMask = 2147483647;
			files = (
				36967AD060F3AE2EDD83E086 /* Pods_GZYPuzzleGame.framework in Frameworks */,
			);
			runOnlyForDeploymentPostprocessing = 0;
		};
/* End PBXFrameworksBuildPhase section */

/* Begin PBXGroup section */
		8E5F93422CC3760C00BBB10F = {
			isa = PBXGroup;
			children = (
				8E5F934D2CC3760C00BBB10F /* GZYPuzzleGame */,
				8E5F934C2CC3760C00BBB10F /* Products */,
				FDA8D8A4E0523C854661C947 /* Pods */,
				D1BD026ADD0BD79869E46EA8 /* Frameworks */,
			);
			sourceTree = "<group>";
		};
		8E5F934C2CC3760C00BBB10F /* Products */ = {
			isa = PBXGroup;
			children = (
				8E5F934B2CC3760C00BBB10F /* GZYPuzzleGame.app */,
			);
			name = Products;
			sourceTree = "<group>";
		};
		8E5F934D2CC3760C00BBB10F /* GZYPuzzleGame */ = {
			isa = PBXGroup;
			children = (
				8ED074B32CC4FAB6009015EC /* Extension */,
				8E5F934E2CC3760C00BBB10F /* AppDelegate.swift */,
				8E5F93502CC3760C00BBB10F /* SceneDelegate.swift */,
				8E5F93662CC3F9D500BBB10F /* Main */,
				8E5F93542CC3760C00BBB10F /* Main.storyboard */,
				8E5F93572CC3760E00BBB10F /* Assets.xcassets */,
				8E5F93592CC3760E00BBB10F /* LaunchScreen.storyboard */,
				8E5F935C2CC3760E00BBB10F /* Info.plist */,
				8E5F93692CC3FEDB00BBB10F /* Constant.swift */,
			);
			path = GZYPuzzleGame;
			sourceTree = "<group>";
		};
		8E5F93662CC3F9D500BBB10F /* Main */ = {
			isa = PBXGroup;
			children = (
				8E5F93522CC3760C00BBB10F /* MainViewController.swift */,
				8E5F93622CC3C80100BBB10F /* MainHeaderView.swift */,
				8E5F93672CC3F9F500BBB10F /* MainBottomView.swift */,
				8EC9BD242CC5481B00188ED0 /* DifficultyView.swift */,
			);
			path = Main;
			sourceTree = "<group>";
		};
		8ED074B32CC4FAB6009015EC /* Extension */ = {
			isa = PBXGroup;
			children = (
				8ED074B42CC4FB10009015EC /* UIColorExtension.swift */,
			);
			path = Extension;
			sourceTree = "<group>";
		};
		D1BD026ADD0BD79869E46EA8 /* Frameworks */ = {
			isa = PBXGroup;
			children = (
				9954A4609B4BF616E6872306 /* Pods_GZYPuzzleGame.framework */,
			);
			name = Frameworks;
			sourceTree = "<group>";
		};
		FDA8D8A4E0523C854661C947 /* Pods */ = {
			isa = PBXGroup;
			children = (
				1DCC31E00B637BF435279E90 /* Pods-GZYPuzzleGame.debug.xcconfig */,
				F1A052C434996EFB4938C45F /* Pods-GZYPuzzleGame.release.xcconfig */,
			);
			path = Pods;
			sourceTree = "<group>";
		};
/* End PBXGroup section */

/* Begin PBXNativeTarget section */
		8E5F934A2CC3760C00BBB10F /* GZYPuzzleGame */ = {
			isa = PBXNativeTarget;
			buildConfigurationList = 8E5F935F2CC3760E00BBB10F /* Build configuration list for PBXNativeTarget "GZYPuzzleGame" */;
			buildPhases = (
				4B76AFC3FD49352482E72C14 /* [CP] Check Pods Manifest.lock */,
				8E5F93472CC3760C00BBB10F /* Sources */,
				8E5F93482CC3760C00BBB10F /* Frameworks */,
				8E5F93492CC3760C00BBB10F /* Resources */,
				C7DB3C9982D32343156F5B3D /* [CP] Embed Pods Frameworks */,
			);
			buildRules = (
			);
			dependencies = (
			);
			name = GZYPuzzleGame;
			productName = GZYPuzzleGame;
			productReference = 8E5F934B2CC3760C00BBB10F /* GZYPuzzleGame.app */;
			productType = "com.apple.product-type.application";
		};
/* End PBXNativeTarget section */

/* Begin PBXProject section */
		8E5F93432CC3760C00BBB10F /* Project object */ = {
			isa = PBXProject;
			attributes = {
				BuildIndependentTargetsInParallel = 1;
				LastSwiftUpdateCheck = 1530;
				LastUpgradeCheck = 1530;
				TargetAttributes = {
					8E5F934A2CC3760C00BBB10F = {
						CreatedOnToolsVersion = 15.3;
					};
				};
			};
			buildConfigurationList = 8E5F93462CC3760C00BBB10F /* Build configuration list for PBXProject "GZYPuzzleGame" */;
			compatibilityVersion = "Xcode 14.0";
			developmentRegion = en;
			hasScannedForEncodings = 0;
			knownRegions = (
				en,
				Base,
			);
			mainGroup = 8E5F93422CC3760C00BBB10F;
			productRefGroup = 8E5F934C2CC3760C00BBB10F /* Products */;
			projectDirPath = "";
			projectRoot = "";
			targets = (
				8E5F934A2CC3760C00BBB10F /* GZYPuzzleGame */,
			);
		};
/* End PBXProject section */

/* Begin PBXResourcesBuildPhase section */
		8E5F93492CC3760C00BBB10F /* Resources */ = {
			isa = PBXResourcesBuildPhase;
			buildActionMask = 2147483647;
			files = (
				8E5F93582CC3760E00BBB10F /* Assets.xcassets in Resources */,
				8E5F935B2CC3760E00BBB10F /* Base in Resources */,
				8E5F93562CC3760C00BBB10F /* Base in Resources */,
			);
			runOnlyForDeploymentPostprocessing = 0;
		};
/* End PBXResourcesBuildPhase section */

/* Begin PBXShellScriptBuildPhase section */
		4B76AFC3FD49352482E72C14 /* [CP] Check Pods Manifest.lock */ = {
			isa = PBXShellScriptBuildPhase;
			buildActionMask = 2147483647;
			files = (
			);
			inputFileListPaths = (
			);
			inputPaths = (
				"${PODS_PODFILE_DIR_PATH}/Podfile.lock",
				"${PODS_ROOT}/Manifest.lock",
			);
			name = "[CP] Check Pods Manifest.lock";
			outputFileListPaths = (
			);
			outputPaths = (
				"$(DERIVED_FILE_DIR)/Pods-GZYPuzzleGame-checkManifestLockResult.txt",
			);
			runOnlyForDeploymentPostprocessing = 0;
			shellPath = /bin/sh;
			shellScript = "diff \"${PODS_PODFILE_DIR_PATH}/Podfile.lock\" \"${PODS_ROOT}/Manifest.lock\" > /dev/null\nif [ $? != 0 ] ; then\n    # print error to STDERR\n    echo \"error: The sandbox is not in sync with the Podfile.lock. Run 'pod install' or update your CocoaPods installation.\" >&2\n    exit 1\nfi\n# This output is used by Xcode 'outputs' to avoid re-running this script phase.\necho \"SUCCESS\" > \"${SCRIPT_OUTPUT_FILE_0}\"\n";
			showEnvVarsInLog = 0;
		};
		C7DB3C9982D32343156F5B3D /* [CP] Embed Pods Frameworks */ = {
			isa = PBXShellScriptBuildPhase;
			buildActionMask = 2147483647;
			files = (
			);
			inputFileListPaths = (
				"${PODS_ROOT}/Target Support Files/Pods-GZYPuzzleGame/Pods-GZYPuzzleGame-frameworks-${CONFIGURATION}-input-files.xcfilelist",
			);
			name = "[CP] Embed Pods Frameworks";
			outputFileListPaths = (
				"${PODS_ROOT}/Target Support Files/Pods-GZYPuzzleGame/Pods-GZYPuzzleGame-frameworks-${CONFIGURATION}-output-files.xcfilelist",
			);
			runOnlyForDeploymentPostprocessing = 0;
			shellPath = /bin/sh;
			shellScript = "\"${PODS_ROOT}/Target Support Files/Pods-GZYPuzzleGame/Pods-GZYPuzzleGame-frameworks.sh\"\n";
			showEnvVarsInLog = 0;
		};
/* End PBXShellScriptBuildPhase section */

/* Begin PBXSourcesBuildPhase section */
		8E5F93472CC3760C00BBB10F /* Sources */ = {
			isa = PBXSourcesBuildPhase;
			buildActionMask = 2147483647;
			files = (
				8ED074B52CC4FB10009015EC /* UIColorExtension.swift in Sources */,
				8E5F93632CC3C80100BBB10F /* MainHeaderView.swift in Sources */,
				8E5F93532CC3760C00BBB10F /* MainViewController.swift in Sources */,
				8E5F93682CC3F9F500BBB10F /* MainBottomView.swift in Sources */,
				8E5F934F2CC3760C00BBB10F /* AppDelegate.swift in Sources */,
				8EC9BD252CC5481B00188ED0 /* DifficultyView.swift in Sources */,
				8E5F93512CC3760C00BBB10F /* SceneDelegate.swift in Sources */,
				8E5F936A2CC3FEDB00BBB10F /* Constant.swift in Sources */,
			);
			runOnlyForDeploymentPostprocessing = 0;
		};
/* End PBXSourcesBuildPhase section */

/* Begin PBXVariantGroup section */
		8E5F93542CC3760C00BBB10F /* Main.storyboard */ = {
			isa = PBXVariantGroup;
			children = (
				8E5F93552CC3760C00BBB10F /* Base */,
			);
			name = Main.storyboard;
			sourceTree = "<group>";
		};
		8E5F93592CC3760E00BBB10F /* LaunchScreen.storyboard */ = {
			isa = PBXVariantGroup;
			children = (
				8E5F935A2CC3760E00BBB10F /* Base */,
			);
			name = LaunchScreen.storyboard;
			sourceTree = "<group>";
		};
/* End PBXVariantGroup section */

/* Begin XCBuildConfiguration section */
		8E5F935D2CC3760E00BBB10F /* Debug */ = {
			isa = XCBuildConfiguration;
			buildSettings = {
				ALWAYS_SEARCH_USER_PATHS = NO;
				ASSETCATALOG_COMPILER_GENERATE_SWIFT_ASSET_SYMBOL_EXTENSIONS = YES;
				CLANG_ANALYZER_NONNULL = YES;
				CLANG_ANALYZER_NUMBER_OBJECT_CONVERSION = YES_AGGRESSIVE;
				CLANG_CXX_LANGUAGE_STANDARD = "gnu++20";
				CLANG_ENABLE_MODULES = YES;
				CLANG_ENABLE_OBJC_ARC = YES;
				CLANG_ENABLE_OBJC_WEAK = YES;
				CLANG_WARN_BLOCK_CAPTURE_AUTORELEASING = YES;
				CLANG_WARN_BOOL_CONVERSION = YES;
				CLANG_WARN_COMMA = YES;
				CLANG_WARN_CONSTANT_CONVERSION = YES;
				CLANG_WARN_DEPRECATED_OBJC_IMPLEMENTATIONS = YES;
				CLANG_WARN_DIRECT_OBJC_ISA_USAGE = YES_ERROR;
				CLANG_WARN_DOCUMENTATION_COMMENTS = YES;
				CLANG_WARN_EMPTY_BODY = YES;
				CLANG_WARN_ENUM_CONVERSION = YES;
				CLANG_WARN_INFINITE_RECURSION = YES;
				CLANG_WARN_INT_CONVERSION = YES;
				CLANG_WARN_NON_LITERAL_NULL_CONVERSION = YES;
				CLANG_WARN_OBJC_IMPLICIT_RETAIN_SELF = YES;
				CLANG_WARN_OBJC_LITERAL_CONVERSION = YES;
				CLANG_WARN_OBJC_ROOT_CLASS = YES_ERROR;
				CLANG_WARN_QUOTED_INCLUDE_IN_FRAMEWORK_HEADER = YES;
				CLANG_WARN_RANGE_LOOP_ANALYSIS = YES;
				CLANG_WARN_STRICT_PROTOTYPES = YES;
				CLANG_WARN_SUSPICIOUS_MOVE = YES;
				CLANG_WARN_UNGUARDED_AVAILABILITY = YES_AGGRESSIVE;
				CLANG_WARN_UNREACHABLE_CODE = YES;
				CLANG_WARN__DUPLICATE_METHOD_MATCH = YES;
				COPY_PHASE_STRIP = NO;
				DEBUG_INFORMATION_FORMAT = dwarf;
				ENABLE_STRICT_OBJC_MSGSEND = YES;
				ENABLE_TESTABILITY = YES;
				ENABLE_USER_SCRIPT_SANDBOXING = NO;
				GCC_C_LANGUAGE_STANDARD = gnu17;
				GCC_DYNAMIC_NO_PIC = NO;
				GCC_NO_COMMON_BLOCKS = YES;
				GCC_OPTIMIZATION_LEVEL = 0;
				GCC_PREPROCESSOR_DEFINITIONS = (
					"DEBUG=1",
					"$(inherited)",
				);
				GCC_WARN_64_TO_32_BIT_CONVERSION = YES;
				GCC_WARN_ABOUT_RETURN_TYPE = YES_ERROR;
				GCC_WARN_UNDECLARED_SELECTOR = YES;
				GCC_WARN_UNINITIALIZED_AUTOS = YES_AGGRESSIVE;
				GCC_WARN_UNUSED_FUNCTION = YES;
				GCC_WARN_UNUSED_VARIABLE = YES;
				INFOPLIST_KEY_CFBundleDisplayName = "拼图";
				IPHONEOS_DEPLOYMENT_TARGET = 13.0;
				LOCALIZATION_PREFERS_STRING_CATALOGS = YES;
				MTL_ENABLE_DEBUG_INFO = INCLUDE_SOURCE;
				MTL_FAST_MATH = YES;
				ONLY_ACTIVE_ARCH = YES;
				SDKROOT = iphoneos;
				SWIFT_ACTIVE_COMPILATION_CONDITIONS = "DEBUG $(inherited)";
				SWIFT_OPTIMIZATION_LEVEL = "-Onone";
			};
			name = Debug;
		};
		8E5F935E2CC3760E00BBB10F /* Release */ = {
			isa = XCBuildConfiguration;
			buildSettings = {
				ALWAYS_SEARCH_USER_PATHS = NO;
				ASSETCATALOG_COMPILER_GENERATE_SWIFT_ASSET_SYMBOL_EXTENSIONS = YES;
				CLANG_ANALYZER_NONNULL = YES;
				CLANG_ANALYZER_NUMBER_OBJECT_CONVERSION = YES_AGGRESSIVE;
				CLANG_CXX_LANGUAGE_STANDARD = "gnu++20";
				CLANG_ENABLE_MODULES = YES;
				CLANG_ENABLE_OBJC_ARC = YES;
				CLANG_ENABLE_OBJC_WEAK = YES;
				CLANG_WARN_BLOCK_CAPTURE_AUTORELEASING = YES;
				CLANG_WARN_BOOL_CONVERSION = YES;
				CLANG_WARN_COMMA = YES;
				CLANG_WARN_CONSTANT_CONVERSION = YES;
				CLANG_WARN_DEPRECATED_OBJC_IMPLEMENTATIONS = YES;
				CLANG_WARN_DIRECT_OBJC_ISA_USAGE = YES_ERROR;
				CLANG_WARN_DOCUMENTATION_COMMENTS = YES;
				CLANG_WARN_EMPTY_BODY = YES;
				CLANG_WARN_ENUM_CONVERSION = YES;
				CLANG_WARN_INFINITE_RECURSION = YES;
				CLANG_WARN_INT_CONVERSION = YES;
				CLANG_WARN_NON_LITERAL_NULL_CONVERSION = YES;
				CLANG_WARN_OBJC_IMPLICIT_RETAIN_SELF = YES;
				CLANG_WARN_OBJC_LITERAL_CONVERSION = YES;
				CLANG_WARN_OBJC_ROOT_CLASS = YES_ERROR;
				CLANG_WARN_QUOTED_INCLUDE_IN_FRAMEWORK_HEADER = YES;
				CLANG_WARN_RANGE_LOOP_ANALYSIS = YES;
				CLANG_WARN_STRICT_PROTOTYPES = YES;
				CLANG_WARN_SUSPICIOUS_MOVE = YES;
				CLANG_WARN_UNGUARDED_AVAILABILITY = YES_AGGRESSIVE;
				CLANG_WARN_UNREACHABLE_CODE = YES;
				CLANG_WARN__DUPLICATE_METHOD_MATCH = YES;
				COPY_PHASE_STRIP = NO;
				DEBUG_INFORMATION_FORMAT = "dwarf-with-dsym";
				ENABLE_NS_ASSERTIONS = NO;
				ENABLE_STRICT_OBJC_MSGSEND = YES;
				ENABLE_USER_SCRIPT_SANDBOXING = NO;
				GCC_C_LANGUAGE_STANDARD = gnu17;
				GCC_NO_COMMON_BLOCKS = YES;
				GCC_WARN_64_TO_32_BIT_CONVERSION = YES;
				GCC_WARN_ABOUT_RETURN_TYPE = YES_ERROR;
				GCC_WARN_UNDECLARED_SELECTOR = YES;
				GCC_WARN_UNINITIALIZED_AUTOS = YES_AGGRESSIVE;
				GCC_WARN_UNUSED_FUNCTION = YES;
				GCC_WARN_UNUSED_VARIABLE = YES;
				INFOPLIST_KEY_CFBundleDisplayName = "拼图";
				IPHONEOS_DEPLOYMENT_TARGET = 13.0;
				LOCALIZATION_PREFERS_STRING_CATALOGS = YES;
				MTL_ENABLE_DEBUG_INFO = NO;
				MTL_FAST_MATH = YES;
				SDKROOT = iphoneos;
				SWIFT_COMPILATION_MODE = wholemodule;
				VALIDATE_PRODUCT = YES;
			};
			name = Release;
		};
		8E5F93602CC3760E00BBB10F /* Debug */ = {
			isa = XCBuildConfiguration;
			baseConfigurationReference = 1DCC31E00B637BF435279E90 /* Pods-GZYPuzzleGame.debug.xcconfig */;
			buildSettings = {
				ASSETCATALOG_COMPILER_APPICON_NAME = AppIcon;
				ASSETCATALOG_COMPILER_GLOBAL_ACCENT_COLOR_NAME = AccentColor;
				CODE_SIGN_STYLE = Automatic;
				CURRENT_PROJECT_VERSION = 1;
				DEVELOPMENT_TEAM = 736BUSFPBS;
				GENERATE_INFOPLIST_FILE = YES;
				INFOPLIST_FILE = GZYPuzzleGame/Info.plist;
				INFOPLIST_KEY_UIApplicationSupportsIndirectInputEvents = YES;
				INFOPLIST_KEY_UILaunchStoryboardName = LaunchScreen;
				INFOPLIST_KEY_UIMainStoryboardFile = Main;
				INFOPLIST_KEY_UISupportedInterfaceOrientations_iPad = "UIInterfaceOrientationPortrait UIInterfaceOrientationPortraitUpsideDown UIInterfaceOrientationLandscapeLeft UIInterfaceOrientationLandscapeRight";
				INFOPLIST_KEY_UISupportedInterfaceOrientations_iPhone = "UIInterfaceOrientationPortrait UIInterfaceOrientationLandscapeLeft UIInterfaceOrientationLandscapeRight";
				IPHONEOS_DEPLOYMENT_TARGET = 13.0;
				LD_RUNPATH_SEARCH_PATHS = (
					"$(inherited)",
					"@executable_path/Frameworks",
				);
				MARKETING_VERSION = 1.0;
				PRODUCT_BUNDLE_IDENTIFIER = com.gzy.GZYPuzzleGame;
				PRODUCT_NAME = "$(TARGET_NAME)";
				SWIFT_EMIT_LOC_STRINGS = YES;
				SWIFT_VERSION = 5.0;
				TARGETED_DEVICE_FAMILY = "1,2";
			};
			name = Debug;
		};
		8E5F93612CC3760E00BBB10F /* Release */ = {
			isa = XCBuildConfiguration;
			baseConfigurationReference = F1A052C434996EFB4938C45F /* Pods-GZYPuzzleGame.release.xcconfig */;
			buildSettings = {
				ASSETCATALOG_COMPILER_APPICON_NAME = AppIcon;
				ASSETCATALOG_COMPILER_GLOBAL_ACCENT_COLOR_NAME = AccentColor;
				CODE_SIGN_STYLE = Automatic;
				CURRENT_PROJECT_VERSION = 1;
				DEVELOPMENT_TEAM = 736BUSFPBS;
				GENERATE_INFOPLIST_FILE = YES;
				INFOPLIST_FILE = GZYPuzzleGame/Info.plist;
				INFOPLIST_KEY_UIApplicationSupportsIndirectInputEvents = YES;
				INFOPLIST_KEY_UILaunchStoryboardName = LaunchScreen;
				INFOPLIST_KEY_UIMainStoryboardFile = Main;
				INFOPLIST_KEY_UISupportedInterfaceOrientations_iPad = "UIInterfaceOrientationPortrait UIInterfaceOrientationPortraitUpsideDown UIInterfaceOrientationLandscapeLeft UIInterfaceOrientationLandscapeRight";
				INFOPLIST_KEY_UISupportedInterfaceOrientations_iPhone = "UIInterfaceOrientationPortrait UIInterfaceOrientationLandscapeLeft UIInterfaceOrientationLandscapeRight";
				IPHONEOS_DEPLOYMENT_TARGET = 13.0;
				LD_RUNPATH_SEARCH_PATHS = (
					"$(inherited)",
					"@executable_path/Frameworks",
				);
				MARKETING_VERSION = 1.0;
				PRODUCT_BUNDLE_IDENTIFIER = com.gzy.GZYPuzzleGame;
				PRODUCT_NAME = "$(TARGET_NAME)";
				SWIFT_EMIT_LOC_STRINGS = YES;
				SWIFT_VERSION = 5.0;
				TARGETED_DEVICE_FAMILY = "1,2";
			};
			name = Release;
		};
/* End XCBuildConfiguration section */

/* Begin XCConfigurationList section */
		8E5F93462CC3760C00BBB10F /* Build configuration list for PBXProject "GZYPuzzleGame" */ = {
			isa = XCConfigurationList;
			buildConfigurations = (
				8E5F935D2CC3760E00BBB10F /* Debug */,
				8E5F935E2CC3760E00BBB10F /* Release */,
			);
			defaultConfigurationIsVisible = 0;
			defaultConfigurationName = Release;
		};
		8E5F935F2CC3760E00BBB10F /* Build configuration list for PBXNativeTarget "GZYPuzzleGame" */ = {
			isa = XCConfigurationList;
			buildConfigurations = (
				8E5F93602CC3760E00BBB10F /* Debug */,
				8E5F93612CC3760E00BBB10F /* Release */,
			);
			defaultConfigurationIsVisible = 0;
			defaultConfigurationName = Release;
		};
/* End XCConfigurationList section */
	};
	rootObject = 8E5F93432CC3760C00BBB10F /* Project object */;
}
